# Generated by just sync-symphony.
submodule_path=vendor/openai-symphony
submodule_url=https://github.com/openai/symphony
submodule_branch=main
submodule_commit=58cf97da06d556c019ccea20c67f4f77da124bf3
spec_path=vendor/openai-symphony/SPEC.md
spec_sha256=36153a9ae3340b280cba30f3397631e466268386218dd0db8f7101a2306f3c42
