# Archived upstream skill entries — removed from active upstream.lock.
#
# Reason: superseded by an official vendor asset (MCP server, plugin, or vendor CLI).
# Preserved here as a historical record.
#
# Format: same TOML as upstream.lock.

# -- ctx7 -- community fork superseded by official upstash MCP --
#
# Removed on 2026-04-28 (W3.4). The community fork `edxeth/superlight-context7-skill`
# is superseded by the official upstash/context7 remote MCP at mcp.context7.com.
# `fulcrum install` now registers the HTTP MCP server as `context7` in the registry.
# No official SKILL.md exists from upstash; the MCP is the only official surface.

[skills.ctx7]
source = "https://github.com/edxeth/superlight-context7-skill"
subpath = "SKILL.md"
ref = "main"
tree_sha = "f4464eea215615ef020eaa4af3a572bad3fb2724"
license = "MIT"
author_class = "individual"
pinned_on = "2026-04-28"
review_due = "2026-07-27"
subpath_sha256 = "741b053ce2ba4b405767d8a7a07997d992a59e24db5474ff9d16535a4f211db6"
subpath_size = 1995
archived_on = "2026-04-28"
archive_reason = "superseded by official upstash/context7 MCP at https://mcp.context7.com/mcp (W3.4)"

# -- ast-grep/agent-skill -- archived 2026-04-28 --
#
# Removed from active upstream.lock on 2026-04-28.
# Install path moved to `npx skills add ast-grep/agent-skill` in init-vendor.ts
# (auto-detect agent, no -a flag). The claude_plugin Claude Code path is also
# superseded by the same vendor CLI command.

[skills.ast-grep]
source = "https://github.com/ast-grep/agent-skill"
subpath = "ast-grep/skills/ast-grep"
ref = "main"
tree_sha = "577f4d4507678f2c8cee150fae25e6ce309f70b1"
license = "MIT"
author_class = "tool-vendor"
pinned_on = "2026-04-28"
review_due = "2026-07-27"
subpath_sha256 = "1e79c1ceffc242adc0d477d8625ed0c91999f18efe1bc54deec09f59bb250555"
subpath_size = 20131
archived_on = "2026-04-28"
archive_reason = "superseded by `npx skills add ast-grep/agent-skill` (vendor CLI handles all agents including Claude plugin path)"

[skills.ast-grep.claude_plugin]
marketplace = "ast-grep/agent-skill"
name = "ast-grep@ast-grep/agent-skill"

# -- tavily-ai/skills x7 -- archived 2026-04-28 --
#
# All 7 tavily skills removed from active upstream.lock on 2026-04-28.
# Install path moved to `npx skills add https://github.com/tavily-ai/skills`
# in init-vendor.ts (single command covers all 7 skills; vendor CLI handles
# agent auto-detection).

[skills.tavily-best-practices]
source = "https://github.com/tavily-ai/skills"
subpath = "skills/tavily-best-practices"
ref = "main"
tree_sha = "a0fe267bf6bebb71f9e20d6b4ed8afa1251d29c6"
license = "MIT"
author_class = "tool-vendor"
pinned_on = "2026-04-28"
review_due = "2026-07-27"
subpath_sha256 = "5769e651fa1b40610ac884d4154d825d30e7cc310c379f9ca17170ce3772067b"
subpath_size = 70473
archived_on = "2026-04-28"
archive_reason = "superseded by `npx skills add https://github.com/tavily-ai/skills`"

[skills.tavily-cli]
source = "https://github.com/tavily-ai/skills"
subpath = "skills/tavily-cli"
ref = "main"
tree_sha = "a0fe267bf6bebb71f9e20d6b4ed8afa1251d29c6"
license = "MIT"
author_class = "tool-vendor"
pinned_on = "2026-04-28"
review_due = "2026-07-27"
subpath_sha256 = "b907b6b1e1533976a2288d568655a4fc6816e299a10e46a35bb17c00b966d2be"
subpath_size = 3266
archived_on = "2026-04-28"
archive_reason = "superseded by `npx skills add https://github.com/tavily-ai/skills`"

[skills.tavily-crawl]
source = "https://github.com/tavily-ai/skills"
subpath = "skills/tavily-crawl"
ref = "main"
tree_sha = "a0fe267bf6bebb71f9e20d6b4ed8afa1251d29c6"
license = "MIT"
author_class = "tool-vendor"
pinned_on = "2026-04-28"
review_due = "2026-07-27"
subpath_sha256 = "ab79180359cf7e2c9f1701ae26b33aa07f614432abed4b08b1da762ea69fc745"
subpath_size = 3982
archived_on = "2026-04-28"
archive_reason = "superseded by `npx skills add https://github.com/tavily-ai/skills`"

[skills.tavily-extract]
source = "https://github.com/tavily-ai/skills"
subpath = "skills/tavily-extract"
ref = "main"
tree_sha = "a0fe267bf6bebb71f9e20d6b4ed8afa1251d29c6"
license = "MIT"
author_class = "tool-vendor"
pinned_on = "2026-04-28"
review_due = "2026-07-27"
subpath_sha256 = "b582efd6fbe40aa9860518c20f7e29a459ae3b24903224e1f97ca04cd5485f74"
subpath_size = 2903
archived_on = "2026-04-28"
archive_reason = "superseded by `npx skills add https://github.com/tavily-ai/skills`"

[skills.tavily-map]
source = "https://github.com/tavily-ai/skills"
subpath = "skills/tavily-map"
ref = "main"
tree_sha = "a0fe267bf6bebb71f9e20d6b4ed8afa1251d29c6"
license = "MIT"
author_class = "tool-vendor"
pinned_on = "2026-04-28"
review_due = "2026-07-27"
subpath_sha256 = "39b1ad46942a1db8f244d5afb6932d6511a00b534e8e409bf2ecdcf16be5a650"
subpath_size = 3186
archived_on = "2026-04-28"
archive_reason = "superseded by `npx skills add https://github.com/tavily-ai/skills`"

[skills.tavily-research]
source = "https://github.com/tavily-ai/skills"
subpath = "skills/tavily-research"
ref = "main"
tree_sha = "a0fe267bf6bebb71f9e20d6b4ed8afa1251d29c6"
license = "MIT"
author_class = "tool-vendor"
pinned_on = "2026-04-28"
review_due = "2026-07-27"
subpath_sha256 = "d8a40924f1f27266edbd0fccefb318b64a325b31987e908ee7ca1ab45da3c25c"
subpath_size = 3570
archived_on = "2026-04-28"
archive_reason = "superseded by `npx skills add https://github.com/tavily-ai/skills`"

[skills.tavily-search]
source = "https://github.com/tavily-ai/skills"
subpath = "skills/tavily-search"
ref = "main"
tree_sha = "a0fe267bf6bebb71f9e20d6b4ed8afa1251d29c6"
license = "MIT"
author_class = "tool-vendor"
pinned_on = "2026-04-28"
review_due = "2026-07-27"
subpath_sha256 = "569883ce168b144cf3ad6a4d4e3949a99ad257b94e7bfab9584c4628a0e02480"
subpath_size = 3585
archived_on = "2026-04-28"
archive_reason = "superseded by `npx skills add https://github.com/tavily-ai/skills`"
