# Fulcrum upstream skill lockfile.
#
# Curated source of truth for third-party skills installed by
# `fulcrum skills upstream`. The CLI reads this file directly, validates every
# metadata field, checks out the pinned SHA, then copies the declared subpath.
#
# Format: TOML. One [skills.<name>] block per curated upstream skill.

[meta]
schema_version = 1
last_audit = "2026-04-28"

[skills.superpowers-brainstorming]
source = "https://github.com/obra/superpowers"
subpath = "skills/brainstorming"
ref = "main"
tree_sha = "6efe32c9e2dd002d0c394e861e0529675d1ab32e"
license = "MIT"
author_class = "individual"
pinned_on = "2026-04-28"
review_due = "2026-07-27"

[skills.superpowers-writing-plans]
source = "https://github.com/obra/superpowers"
subpath = "skills/writing-plans"
ref = "main"
tree_sha = "6efe32c9e2dd002d0c394e861e0529675d1ab32e"
license = "MIT"
author_class = "individual"
pinned_on = "2026-04-28"
review_due = "2026-07-27"

[skills.superpowers-systematic-debugging]
source = "https://github.com/obra/superpowers"
subpath = "skills/systematic-debugging"
ref = "main"
tree_sha = "6efe32c9e2dd002d0c394e861e0529675d1ab32e"
license = "MIT"
author_class = "individual"
pinned_on = "2026-04-28"
review_due = "2026-07-27"

[skills.superpowers-requesting-code-review]
source = "https://github.com/obra/superpowers"
subpath = "skills/requesting-code-review"
ref = "main"
tree_sha = "6efe32c9e2dd002d0c394e861e0529675d1ab32e"
license = "MIT"
author_class = "individual"
pinned_on = "2026-04-28"
review_due = "2026-07-27"

[skills.superpowers-using-git-worktrees]
source = "https://github.com/obra/superpowers"
subpath = "skills/using-git-worktrees"
ref = "main"
tree_sha = "6efe32c9e2dd002d0c394e861e0529675d1ab32e"
license = "MIT"
author_class = "individual"
pinned_on = "2026-04-28"
review_due = "2026-07-27"

[skills.superpowers-using-superpowers]
source = "https://github.com/obra/superpowers"
subpath = "skills/using-superpowers"
ref = "main"
tree_sha = "6efe32c9e2dd002d0c394e861e0529675d1ab32e"
license = "MIT"
author_class = "individual"
pinned_on = "2026-04-28"
review_due = "2026-07-27"

[skills.ast-grep]
source = "https://github.com/ast-grep/agent-skill"
subpath = "ast-grep/skills/ast-grep"
ref = "main"
tree_sha = "577f4d4507678f2c8cee150fae25e6ce309f70b1"
license = "MIT"
author_class = "tool-vendor"
pinned_on = "2026-04-28"
review_due = "2026-07-27"

[skills.tavily-best-practices]
source = "https://github.com/tavily-ai/skills"
subpath = "skills/tavily-best-practices"
ref = "main"
tree_sha = "a0fe267bf6bebb71f9e20d6b4ed8afa1251d29c6"
license = "MIT"
author_class = "tool-vendor"
pinned_on = "2026-04-28"
review_due = "2026-07-27"

[skills.tavily-cli]
source = "https://github.com/tavily-ai/skills"
subpath = "skills/tavily-cli"
ref = "main"
tree_sha = "a0fe267bf6bebb71f9e20d6b4ed8afa1251d29c6"
license = "MIT"
author_class = "tool-vendor"
pinned_on = "2026-04-28"
review_due = "2026-07-27"

[skills.tavily-crawl]
source = "https://github.com/tavily-ai/skills"
subpath = "skills/tavily-crawl"
ref = "main"
tree_sha = "a0fe267bf6bebb71f9e20d6b4ed8afa1251d29c6"
license = "MIT"
author_class = "tool-vendor"
pinned_on = "2026-04-28"
review_due = "2026-07-27"

[skills.tavily-extract]
source = "https://github.com/tavily-ai/skills"
subpath = "skills/tavily-extract"
ref = "main"
tree_sha = "a0fe267bf6bebb71f9e20d6b4ed8afa1251d29c6"
license = "MIT"
author_class = "tool-vendor"
pinned_on = "2026-04-28"
review_due = "2026-07-27"

[skills.tavily-map]
source = "https://github.com/tavily-ai/skills"
subpath = "skills/tavily-map"
ref = "main"
tree_sha = "a0fe267bf6bebb71f9e20d6b4ed8afa1251d29c6"
license = "MIT"
author_class = "tool-vendor"
pinned_on = "2026-04-28"
review_due = "2026-07-27"

[skills.tavily-research]
source = "https://github.com/tavily-ai/skills"
subpath = "skills/tavily-research"
ref = "main"
tree_sha = "a0fe267bf6bebb71f9e20d6b4ed8afa1251d29c6"
license = "MIT"
author_class = "tool-vendor"
pinned_on = "2026-04-28"
review_due = "2026-07-27"

[skills.tavily-search]
source = "https://github.com/tavily-ai/skills"
subpath = "skills/tavily-search"
ref = "main"
tree_sha = "a0fe267bf6bebb71f9e20d6b4ed8afa1251d29c6"
license = "MIT"
author_class = "tool-vendor"
pinned_on = "2026-04-28"
review_due = "2026-07-27"

[skills.playwright-cli]
source = "https://github.com/microsoft/playwright-cli"
subpath = "skills/playwright-cli"
ref = "main"
tree_sha = "ee24ded1770c7a4f7a8cbb8e22aac9812e151feb"
license = "Apache-2.0"
author_class = "tool-vendor"
pinned_on = "2026-04-28"
review_due = "2026-07-27"

[skills.semgrep]
source = "https://github.com/semgrep/skills"
subpath = "skills/semgrep"
ref = "main"
tree_sha = "90cc990a535098a84950b18d8cf770e097da1c77"
license = "MIT"
author_class = "tool-vendor"
pinned_on = "2026-04-28"
review_due = "2026-07-27"

[skills.semgrep-code-security]
source = "https://github.com/semgrep/skills"
subpath = "skills/code-security"
ref = "main"
tree_sha = "90cc990a535098a84950b18d8cf770e097da1c77"
license = "MIT"
author_class = "tool-vendor"
pinned_on = "2026-04-28"
review_due = "2026-07-27"

[skills.semgrep-llm-security]
source = "https://github.com/semgrep/skills"
subpath = "skills/llm-security"
ref = "main"
tree_sha = "90cc990a535098a84950b18d8cf770e097da1c77"
license = "MIT"
author_class = "tool-vendor"
pinned_on = "2026-04-28"
review_due = "2026-07-27"

[skills.graphify]
source = "https://github.com/safishamsi/graphify"
subpath = "graphify/skill.md"
ref = "v5"
tree_sha = "eceaaad61e453958c808a9f8675ab43a9cf2f96b"
license = "MIT"
author_class = "individual"
pinned_on = "2026-04-28"
review_due = "2026-07-27"

[skills.ctx7]
source = "https://github.com/edxeth/superlight-context7-skill"
subpath = "SKILL.md"
ref = "main"
tree_sha = "f4464eea215615ef020eaa4af3a572bad3fb2724"
license = "MIT"
author_class = "individual"
pinned_on = "2026-04-28"
review_due = "2026-07-27"
