# Fulcrum upstream skill lockfile.
#
# Curated source of truth for third-party skills installed by
# `fulcrum skills upstream`. The CLI reads this file directly, validates every
# metadata field, checks out the pinned SHA, then copies the declared subpath.
#
# Format: TOML. One [skills.<name>] block per curated upstream skill.

[meta]
schema_version = 1
last_audit = "2026-04-28"
# cloudflare/skills audit 2026-04-28: pinned wrangler only. 7 additional skills
# (agents-sdk, cloudflare, cloudflare-email-service, durable-objects, sandbox-sdk,
# web-perf, workers-best-practices) added below. Run --update-pins to compute hashes.

[skills.superpowers-brainstorming]
source = "https://github.com/obra/superpowers"
subpath = "skills/brainstorming"
ref = "main"
tree_sha = "6efe32c9e2dd002d0c394e861e0529675d1ab32e"
license = "MIT"
author_class = "individual"
pinned_on = "2026-04-28"
review_due = "2026-07-27"
subpath_sha256 = "8103debc96d4c1347e036b3ce0eb3d6ef8c6b2e4ebaae99ac9461b12f4443fcf"
subpath_size = 51977

[skills.superpowers-writing-plans]
source = "https://github.com/obra/superpowers"
subpath = "skills/writing-plans"
ref = "main"
tree_sha = "6efe32c9e2dd002d0c394e861e0529675d1ab32e"
license = "MIT"
author_class = "individual"
pinned_on = "2026-04-28"
review_due = "2026-07-27"
subpath_sha256 = "0723be302b5e404201205e99c40547ce71c8130a548d4d670cf227824e330b75"
subpath_size = 7760

[skills.superpowers-systematic-debugging]
source = "https://github.com/obra/superpowers"
subpath = "skills/systematic-debugging"
ref = "main"
tree_sha = "6efe32c9e2dd002d0c394e861e0529675d1ab32e"
license = "MIT"
author_class = "individual"
pinned_on = "2026-04-28"
review_due = "2026-07-27"
subpath_sha256 = "5c14d3d513a00189303ccf1b22940d1c00c442edb28e3dd5bd4bd68feb1f70a2"
subpath_size = 40755

[skills.superpowers-requesting-code-review]
source = "https://github.com/obra/superpowers"
subpath = "skills/requesting-code-review"
ref = "main"
tree_sha = "6efe32c9e2dd002d0c394e861e0529675d1ab32e"
license = "MIT"
author_class = "individual"
pinned_on = "2026-04-28"
review_due = "2026-07-27"
subpath_sha256 = "8f34e04ff487239b65978caac4aaadefabb1cbb890617dfff69df8c25c592d3f"
subpath_size = 6320

[skills.superpowers-using-git-worktrees]
source = "https://github.com/obra/superpowers"
subpath = "skills/using-git-worktrees"
ref = "main"
tree_sha = "6efe32c9e2dd002d0c394e861e0529675d1ab32e"
license = "MIT"
author_class = "individual"
pinned_on = "2026-04-28"
review_due = "2026-07-27"
subpath_sha256 = "9b717396e4e825cf0c4a32013fabe3cef4587590c1609f0e863751ec604c689e"
subpath_size = 5635

[skills.superpowers-using-superpowers]
source = "https://github.com/obra/superpowers"
subpath = "skills/using-superpowers"
ref = "main"
tree_sha = "6efe32c9e2dd002d0c394e861e0529675d1ab32e"
license = "MIT"
author_class = "individual"
pinned_on = "2026-04-28"
review_due = "2026-07-27"
subpath_sha256 = "3a5f6280134c8258e2746d6c6254b82d8a37ea5df05d1c23a0654e22e7b8e6bc"
subpath_size = 13178

[skills.ast-grep]
source = "https://github.com/ast-grep/agent-skill"
subpath = "ast-grep/skills/ast-grep"
ref = "main"
tree_sha = "577f4d4507678f2c8cee150fae25e6ce309f70b1"
license = "MIT"
author_class = "tool-vendor"
pinned_on = "2026-04-28"
review_due = "2026-07-27"
subpath_sha256 = "1e79c1ceffc242adc0d477d8625ed0c91999f18efe1bc54deec09f59bb250555"
subpath_size = 20131

[skills.ast-grep.claude_plugin]
marketplace = "ast-grep/agent-skill"
name = "ast-grep@ast-grep/agent-skill"

[skills.tavily-best-practices]
source = "https://github.com/tavily-ai/skills"
subpath = "skills/tavily-best-practices"
ref = "main"
tree_sha = "a0fe267bf6bebb71f9e20d6b4ed8afa1251d29c6"
license = "MIT"
author_class = "tool-vendor"
pinned_on = "2026-04-28"
review_due = "2026-07-27"
subpath_sha256 = "5769e651fa1b40610ac884d4154d825d30e7cc310c379f9ca17170ce3772067b"
subpath_size = 70473

[skills.tavily-cli]
source = "https://github.com/tavily-ai/skills"
subpath = "skills/tavily-cli"
ref = "main"
tree_sha = "a0fe267bf6bebb71f9e20d6b4ed8afa1251d29c6"
license = "MIT"
author_class = "tool-vendor"
pinned_on = "2026-04-28"
review_due = "2026-07-27"
subpath_sha256 = "b907b6b1e1533976a2288d568655a4fc6816e299a10e46a35bb17c00b966d2be"
subpath_size = 3266

[skills.tavily-crawl]
source = "https://github.com/tavily-ai/skills"
subpath = "skills/tavily-crawl"
ref = "main"
tree_sha = "a0fe267bf6bebb71f9e20d6b4ed8afa1251d29c6"
license = "MIT"
author_class = "tool-vendor"
pinned_on = "2026-04-28"
review_due = "2026-07-27"
subpath_sha256 = "ab79180359cf7e2c9f1701ae26b33aa07f614432abed4b08b1da762ea69fc745"
subpath_size = 3982

[skills.tavily-extract]
source = "https://github.com/tavily-ai/skills"
subpath = "skills/tavily-extract"
ref = "main"
tree_sha = "a0fe267bf6bebb71f9e20d6b4ed8afa1251d29c6"
license = "MIT"
author_class = "tool-vendor"
pinned_on = "2026-04-28"
review_due = "2026-07-27"
subpath_sha256 = "b582efd6fbe40aa9860518c20f7e29a459ae3b24903224e1f97ca04cd5485f74"
subpath_size = 2903

[skills.tavily-map]
source = "https://github.com/tavily-ai/skills"
subpath = "skills/tavily-map"
ref = "main"
tree_sha = "a0fe267bf6bebb71f9e20d6b4ed8afa1251d29c6"
license = "MIT"
author_class = "tool-vendor"
pinned_on = "2026-04-28"
review_due = "2026-07-27"
subpath_sha256 = "39b1ad46942a1db8f244d5afb6932d6511a00b534e8e409bf2ecdcf16be5a650"
subpath_size = 3186

[skills.tavily-research]
source = "https://github.com/tavily-ai/skills"
subpath = "skills/tavily-research"
ref = "main"
tree_sha = "a0fe267bf6bebb71f9e20d6b4ed8afa1251d29c6"
license = "MIT"
author_class = "tool-vendor"
pinned_on = "2026-04-28"
review_due = "2026-07-27"
subpath_sha256 = "d8a40924f1f27266edbd0fccefb318b64a325b31987e908ee7ca1ab45da3c25c"
subpath_size = 3570

[skills.tavily-search]
source = "https://github.com/tavily-ai/skills"
subpath = "skills/tavily-search"
ref = "main"
tree_sha = "a0fe267bf6bebb71f9e20d6b4ed8afa1251d29c6"
license = "MIT"
author_class = "tool-vendor"
pinned_on = "2026-04-28"
review_due = "2026-07-27"
subpath_sha256 = "569883ce168b144cf3ad6a4d4e3949a99ad257b94e7bfab9584c4628a0e02480"
subpath_size = 3585

[skills.playwright-cli]
source = "https://github.com/microsoft/playwright-cli"
subpath = "skills/playwright-cli"
ref = "main"
tree_sha = "ee24ded1770c7a4f7a8cbb8e22aac9812e151feb"
license = "Apache-2.0"
author_class = "tool-vendor"
pinned_on = "2026-04-28"
review_due = "2026-07-27"
subpath_sha256 = "f774a0c461438a05eb983ea9b0b39ead02c41ea6dde8e4d03b2793e20500dd6c"
subpath_size = 45241

[skills.semgrep]
source = "https://github.com/semgrep/skills"
subpath = "skills/semgrep"
ref = "main"
tree_sha = "90cc990a535098a84950b18d8cf770e097da1c77"
license = "MIT"
author_class = "tool-vendor"
pinned_on = "2026-04-28"
review_due = "2026-07-27"
subpath_sha256 = "9e4f3396acc610e11c002b96a0f22436c21c93d69ae14bde8c75217349a2abbd"
subpath_size = 29098

[skills.semgrep-code-security]
source = "https://github.com/semgrep/skills"
subpath = "skills/code-security"
ref = "main"
tree_sha = "90cc990a535098a84950b18d8cf770e097da1c77"
license = "MIT"
author_class = "tool-vendor"
pinned_on = "2026-04-28"
review_due = "2026-07-27"
subpath_sha256 = "b73204b15e29f1c055b4dde589ab4faa7da9dc9731758705977c708e8ec5326f"
subpath_size = 267524

[skills.semgrep-llm-security]
source = "https://github.com/semgrep/skills"
subpath = "skills/llm-security"
ref = "main"
tree_sha = "90cc990a535098a84950b18d8cf770e097da1c77"
license = "MIT"
author_class = "tool-vendor"
pinned_on = "2026-04-28"
review_due = "2026-07-27"
subpath_sha256 = "9675265687e1bedc9924bb57687cf409c6de76ac4e1ae98caf353ef730b07325"
subpath_size = 226075

[skills.graphify]
source = "https://github.com/safishamsi/graphify"
subpath = "graphify/skill.md"
ref = "v5"
tree_sha = "eceaaad61e453958c808a9f8675ab43a9cf2f96b"
license = "MIT"
author_class = "individual"
pinned_on = "2026-04-28"
review_due = "2026-07-27"
subpath_sha256 = "65b5d6f8e29b600afae8c4eb2a10b467195702b0982bd4a4a484d6666c20d389"
subpath_size = 60766

# [skills.ctx7] archived 2026-04-28 — superseded by official upstash/context7 MCP (W3.4).
# See skills/_archive/upstream-removed.lock for the full entry.

[skills.cloudflare-agents-sdk]
source = "https://github.com/cloudflare/skills"
subpath = "skills/agents-sdk"
ref = "main"
tree_sha = "7c449def4e0c63daa27212d853094e4c8e37bbe8"
license = "Apache-2.0"
author_class = "tool-vendor"
pinned_on = "2026-04-28"
review_due = "2026-07-27"
subpath_sha256 = "cae528e5c0692ae00a124b7cc4e5c52abc85d58d43a36436ae422ea98c1f4506"
subpath_size = 62015

[skills.cloudflare-platform]
source = "https://github.com/cloudflare/skills"
subpath = "skills/cloudflare"
ref = "main"
tree_sha = "7c449def4e0c63daa27212d853094e4c8e37bbe8"
license = "Apache-2.0"
author_class = "tool-vendor"
pinned_on = "2026-04-28"
review_due = "2026-07-27"
subpath_sha256 = "ccdc9fb9c2cf37ca941a0cf0601108f37669c72e907382b27facaa4547f8e951"
subpath_size = 1429754

[skills.cloudflare-email-service]
source = "https://github.com/cloudflare/skills"
subpath = "skills/cloudflare-email-service"
ref = "main"
tree_sha = "7c449def4e0c63daa27212d853094e4c8e37bbe8"
license = "Apache-2.0"
author_class = "tool-vendor"
pinned_on = "2026-04-28"
review_due = "2026-07-27"
subpath_sha256 = "cdd8f16da434668660235ba3773ebb051ff5b324a2fa11f04ded88f7fd057418"
subpath_size = 44146

[skills.cloudflare-durable-objects]
source = "https://github.com/cloudflare/skills"
subpath = "skills/durable-objects"
ref = "main"
tree_sha = "7c449def4e0c63daa27212d853094e4c8e37bbe8"
license = "Apache-2.0"
author_class = "tool-vendor"
pinned_on = "2026-04-28"
review_due = "2026-07-27"
subpath_sha256 = "6c76c9d5f5c0e799ba6e888df153fac24be634ac52a4da7c505a7df32d86ed43"
subpath_size = 28434

[skills.cloudflare-sandbox-sdk]
source = "https://github.com/cloudflare/skills"
subpath = "skills/sandbox-sdk"
ref = "main"
tree_sha = "7c449def4e0c63daa27212d853094e4c8e37bbe8"
license = "Apache-2.0"
author_class = "tool-vendor"
pinned_on = "2026-04-28"
review_due = "2026-07-27"
subpath_sha256 = "c8f314f6809568474c17b057bf3a98729f00f4fb27f3bf88dc5205d0544154ec"
subpath_size = 10561

[skills.cloudflare-web-perf]
source = "https://github.com/cloudflare/skills"
subpath = "skills/web-perf"
ref = "main"
tree_sha = "7c449def4e0c63daa27212d853094e4c8e37bbe8"
license = "Apache-2.0"
author_class = "tool-vendor"
pinned_on = "2026-04-28"
review_due = "2026-07-27"
subpath_sha256 = "86c9bbeb5ed2bb1656ea55c0dc2cd11458c6074e8199812208b3d335a23f0728"
subpath_size = 8198

[skills.cloudflare-workers-best-practices]
source = "https://github.com/cloudflare/skills"
subpath = "skills/workers-best-practices"
ref = "main"
tree_sha = "7c449def4e0c63daa27212d853094e4c8e37bbe8"
license = "Apache-2.0"
author_class = "tool-vendor"
pinned_on = "2026-04-28"
review_due = "2026-07-27"
subpath_sha256 = "cc4d507f8dd982c09298189fad9543af8fabb5ada539876f29bab14cde57c72d"
subpath_size = 31720

[skills.wrangler]
source = "https://github.com/cloudflare/skills"
subpath = "skills/wrangler"
ref = "main"
tree_sha = "7c449def4e0c63daa27212d853094e4c8e37bbe8"
license = "Apache-2.0"
author_class = "tool-vendor"
pinned_on = "2026-04-28"
review_due = "2026-07-27"
subpath_sha256 = "caf41e1984ffb9a62102db3f4101fe0510369cb0ae5787ef6546b35781e31677"
subpath_size = 18359
